{
  "name": "cxview-sca-multiple-versions-fixture",
  "version": "1.0.0",
  "lockfileVersion": 3,
  "requires": true,
  "packages": {
    "": {
      "name": "cxview-sca-multiple-versions-fixture",
      "version": "1.0.0",
      "dependencies": { "direct-package": "1.0.0" }
    },
    "node_modules/direct-package": {
      "version": "1.0.0",
      "dependencies": { "lodash": "^4.17.20", "nested-package": "1.0.0" }
    },
    "node_modules/direct-package/node_modules/lodash": {
      "version": "4.17.20"
    },
    "node_modules/direct-package/node_modules/nested-package": {
      "version": "1.0.0",
      "dependencies": { "lodash": "^4.17.21" }
    },
    "node_modules/direct-package/node_modules/nested-package/node_modules/lodash": {
      "version": "4.17.21"
    }
  }
}
